
Microsoft Visual Studio Solution File, Format Version 12.00
# Visual Studio Version 17
VisualStudioVersion = 17.13.35931.197 d17.13
MinimumVisualStudioVersion = 10.0.40219.1
Project("{888888A0-9F3D-457C-B088-3A5042F75D52}") = "GeorgeWalker_FinalProject", "GeorgeWalker_FinalProject\GeorgeWalker_FinalProject.pyproj", "{285CFFFB-A380-42B3-B781-1BC240CD7FA7}"
EndProject
Global
	GlobalSection(SolutionConfigurationPlatforms) = preSolution
		Debug|Any CPU = Debug|Any CPU
		Release|Any CPU = Release|Any CPU
	EndGlobalSection
	GlobalSection(ProjectConfigurationPlatforms) = postSolution
		{285CFFFB-A380-42B3-B781-1BC240CD7FA7}.Debug|Any CPU.ActiveCfg = Debug|Any CPU
		{285CFFFB-A380-42B3-B781-1BC240CD7FA7}.Release|Any CPU.ActiveCfg = Release|Any CPU
	EndGlobalSection
	GlobalSection(SolutionProperties) = preSolution
		HideSolutionNode = FALSE
	EndGlobalSection
	GlobalSection(ExtensibilityGlobals) = postSolution
		SolutionGuid = {AC64D5E0-8E3A-4043-BE2A-36F96296497A}
	EndGlobalSection
EndGlobal
